// !$*UTF8*$!
{
	archiveVersion = 1;
	classes = {
	};
	objectVersion = 46;
	objects = {

/* Begin PBXBuildFile section */
		42FFA1B31AF95C620076680F /* main.m in Sources */ = {isa = PBXBuildFile; fileRef = 42FFA1B21AF95C620076680F /* main.m */; };
		42FFA1B61AF95C620076680F /* AppDelegate.m in Sources */ = {isa = PBXBuildFile; fileRef = 42FFA1B51AF95C620076680F /* AppDelegate.m */; };
		42FFA1B91AF95C620076680F /* ViewController.m in Sources */ = {isa = PBXBuildFile; fileRef = 42FFA1B81AF95C620076680F /* ViewController.m */; };
		42FFA1BC1AF95C620076680F /* Main.storyboard in Resources */ = {isa = PBXBuildFile; fileRef = 42FFA1BA1AF95C620076680F /* Main.storyboard */; };
		42FFA1BE1AF95C620076680F /* Images.xcassets in Resources */ = {isa = PBXBuildFile; fileRef = 42FFA1BD1AF95C620076680F /* Images.xcassets */; };
		42FFA1C11AF95C620076680F /* LaunchScreen.xib in Resources */ = {isa = PBXBuildFile; fileRef = 42FFA1BF1AF95C620076680F /* LaunchScreen.xib */; };
		42FFA1CD1AF95C620076680F /* TestTests.m in Sources */ = {isa = PBXBuildFile; fileRef = 42FFA1CC1AF95C620076680F /* TestTests.m */; };
/* End PBXBuildFile section */

/* Begin PBXContainerItemProxy section */
		42FFA1C71AF95C620076680F /* PBXContainerItemProxy */ = {
			isa = PBXContainerItemProxy;
			containerPortal = 42FFA1A51AF95C620076680F /* Project object */;
			proxyType = 1;
			remoteGlobalIDString = 42FFA1AC1AF95C620076680F;
			remoteInfo = Test;
		};
/* End PBXContainerItemProxy section */

/* Begin PBXFileReference section */
		42FFA1AD1AF95C620076680F /* Test.app */ = {isa = PBXFileReference; explicitFileType = wrapper.application; includeInIndex = 0; path = Test.app; sourceTree = BUILT_PRODUCTS_DIR; };
		42FFA1B11AF95C620076680F /* Info.plist */ = {isa = PBXFileReference; lastKnownFileType = text.plist.xml; path = Info.plist; sourceTree = "<group>"; };
		42FFA1B21AF95C620076680F /* main.m */ = {isa = PBXFileReference; lastKnownFileType = sourcecode.c.objc; path = main.m; sourceTree = "<group>"; };
		42FFA1B41AF95C620076680F /* AppDelegate.h */ = {isa = PBXFileReference; lastKnownFileType = sourcecode.c.h; path = AppDelegate.h; sourceTree = "<group>"; };
		42FFA1B51AF95C620076680F /* AppDelegate.m */ = {isa = PBXFileReference; lastKnownFileType = sourcecode.c.objc; path = AppDelegate.m; sourceTree = "<group>"; };
		42FFA1B71AF95C620076680F /* ViewController.h */ = {isa = PBXFileReference; lastKnownFileType = sourcecode.c.h; path = ViewController.h; sourceTree = "<group>"; };
		42FFA1B81AF95C620076680F /* ViewController.m */ = {isa = PBXFileReference; lastKnownFileType = sourcecode.c.objc; path = ViewController.m; sourceTree = "<group>"; };
		42FFA1BB1AF95C620076680F /* Base */ = {isa = PBXFileReference; lastKnownFileType = file.storyboard; name = Base; path = Base.lproj/Main.storyboard; sourceTree = "<group>"; };
		42FFA1BD1AF95C620076680F /* Images.xcassets */ = {isa = PBXFileReference; lastKnownFileType = folder.assetcatalog; path = Images.xcassets; sourceTree = "<group>"; };
		42FFA1C01AF95C620076680F /* Base */ = {isa = PBXFileReference; lastKnownFileType = file.xib; name = Base; path = Base.lproj/LaunchScreen.xib; sourceTree = "<group>"; };
		42FFA1C61AF95C620076680F /* TestTests.xctest */ = {isa = PBXFileReference; explicitFileType = wrapper.cfbundle; includeInIndex = 0; path = TestTests.xctest; sourceTree = BUILT_PRODUCTS_DIR; };
		42FFA1CB1AF95C620076680F /* Info.plist */ = {isa = PBXFileReference; lastKnownFileType = text.plist.xml; path = Info.plist; sourceTree = "<group>"; };
		42FFA1CC1AF95C620076680F /* TestTests.m */ = {isa = PBXFileReference; lastKnownFileType = sourcecode.c.objc; path = TestTests.m; sourceTree = "<group>"; };
/* End PBXFileReference section */

/* Begin PBXFrameworksBuildPhase section */
		42FFA1AA1AF95C620076680F /* Frameworks */ = {
			isa = PBXFrameworksBuildPhase;
			buildActionMask = 2147483647;
			files = (
			);
			runOnlyForDeploymentPostprocessing = 0;
		};
		42FFA1C31AF95C620076680F /* Frameworks */ = {
			isa = PBXFrameworksBuildPhase;
			buildActionMask = 2147483647;
			files = (
			);
			runOnlyForDeploymentPostprocessing = 0;
		};
/* End PBXFrameworksBuildPhase section */

/* Begin PBXGroup section */
		42FFA1A41AF95C620076680F = {
			isa = PBXGroup;
			children = (
				42FFA1AF1AF95C620076680F /* Test */,
				42FFA1C91AF95C620076680F /* TestTests */,
				42FFA1AE1AF95C620076680F /* Products */,
			);
			sourceTree = "<group>";
		};
		42FFA1AE1AF95C620076680F /* Products */ = {
			isa = PBXGroup;
			children = (
				42FFA1AD1AF95C620076680F /* Test.app */,
				42FFA1C61AF95C620076680F /* TestTests.xctest */,
			);
			name = Products;
			sourceTree = "<group>";
		};
		42FFA1AF1AF95C620076680F /* Test */ = {
			isa = PBXGroup;
			children = (
				42FFA1B41AF95C620076680F /* AppDelegate.h */,
				42FFA1B51AF95C620076680F /* AppDelegate.m */,
				42FFA1B71AF95C620076680F /* ViewController.h */,
				42FFA1B81AF95C620076680F /* ViewController.m */,
				42FFA1BA1AF95C620076680F /* Main.storyboard */,
				42FFA1BD1AF95C620076680F /* Images.xcassets */,
				42FFA1BF1AF95C620076680F /* LaunchScreen.xib */,
				42FFA1B01AF95C620076680F /* Supporting Files */,
			);
			path = Test;
			sourceTree = "<group>";
		};
		42FFA1B01AF95C620076680F /* Supporting Files */ = {
			isa = PBXGroup;
			children = (
				42FFA1B11AF95C620076680F /* Info.plist */,
				42FFA1B21AF95C620076680F /* main.m */,
			);
			name = "Supporting Files";
			sourceTree = "<group>";
		};
		42FFA1C91AF95C620076680F /* TestTests */ = {
			isa = PBXGroup;
			children = (
				42FFA1CC1AF95C620076680F /* TestTests.m */,
				42FFA1CA1AF95C620076680F /* Supporting Files */,
			);
			path = TestTests;
			sourceTree = "<group>";
		};
		42FFA1CA1AF95C620076680F /* Supporting Files */ = {
			isa = PBXGroup;
			children = (
				42FFA1CB1AF95C620076680F /* Info.plist */,
			);
			name = "Supporting Files";
			sourceTree = "<group>";
		};
/* End PBXGroup section */

/* Begin PBXNativeTarget section */
		42FFA1AC1AF95C620076680F /* Test */ = {
			isa = PBXNativeTarget;
			buildConfigurationList = 42FFA1D01AF95C620076680F /* Build configuration list for PBXNativeTarget "Test" */;
			buildPhases = (
				42FFA1A91AF95C620076680F /* Sources */,
				42FFA1AA1AF95C620076680F /* Frameworks */,
				42FFA1AB1AF95C620076680F /* Resources */,
			);
			buildRules = (
			);
			dependencies = (
			);
			name = Test;
			productName = Test;
			productReference = 42FFA1AD1AF95C620076680F /* Test.app */;
			productType = "com.apple.product-type.application";
		};
		42FFA1C51AF95C620076680F /* TestTests */ = {
			isa = PBXNativeTarget;
			buildConfigurationList = 42FFA1D31AF95C620076680F /* Build configuration list for PBXNativeTarget "TestTests" */;
			buildPhases = (
				42FFA1C21AF95C620076680F /* Sources */,
				42FFA1C31AF95C620076680F /* Frameworks */,
				42FFA1C41AF95C620076680F /* Resources */,
			);
			buildRules = (
			);
			dependencies = (
				42FFA1C81AF95C620076680F /* PBXTargetDependency */,
			);
			name = TestTests;
			productName = TestTests;
			productReference = 42FFA1C61AF95C620076680F /* TestTests.xctest */;
			productType = "com.apple.product-type.bundle.unit-test";
		};
/* End PBXNativeTarget section */

/* Begin PBXProject section */
		42FFA1A51AF95C620076680F /* Project object */ = {
			isa = PBXProject;
			attributes = {
				LastUpgradeCheck = 0630;
				ORGANIZATIONNAME = "Sameer Khavanekar";
				TargetAttributes = {
					42FFA1AC1AF95C620076680F = {
						CreatedOnToolsVersion = 6.3.1;
					};
					42FFA1C51AF95C620076680F = {
						CreatedOnToolsVersion = 6.3.1;
						TestTargetID = 42FFA1AC1AF95C620076680F;
					};
				};
			};
			buildConfigurationList = 42FFA1A81AF95C620076680F /* Build configuration list for PBXProject "Test" */;
			compatibilityVersion = "Xcode 3.2";
			developmentRegion = English;
			hasScannedForEncodings = 0;
			knownRegions = (
				en,
				Base,
			);
			mainGroup = 42FFA1A41AF95C620076680F;
			productRefGroup = 42FFA1AE1AF95C620076680F /* Products */;
			projectDirPath = "";
			projectRoot = "";
			targets = (
				42FFA1AC1AF95C620076680F /* Test */,
				42FFA1C51AF95C620076680F /* TestTests */,
			);
		};
/* End PBXProject section */

/* Begin PBXResourcesBuildPhase section */
		42FFA1AB1AF95C620076680F /* Resources */ = {
			isa = PBXResourcesBuildPhase;
			buildActionMask = 2147483647;
			files = (
				42FFA1BC1AF95C620076680F /* Main.storyboard in Resources */,
				42FFA1C11AF95C620076680F /* LaunchScreen.xib in Resources */,
				42FFA1BE1AF95C620076680F /* Images.xcassets in Resources */,
			);
			runOnlyForDeploymentPostprocessing = 0;
		};
		42FFA1C41AF95C620076680F /* Resources */ = {
			isa = PBXResourcesBuildPhase;
			buildActionMask = 2147483647;
			files = (
			);
			runOnlyForDeploymentPostprocessing = 0;
		};
/* End PBXResourcesBuildPhase section */

/* Begin PBXSourcesBuildPhase section */
		42FFA1A91AF95C620076680F /* Sources */ = {
			isa = PBXSourcesBuildPhase;
			buildActionMask = 2147483647;
			files = (
				42FFA1B91AF95C620076680F /* ViewController.m in Sources */,
				42FFA1B61AF95C620076680F /* AppDelegate.m in Sources */,
				42FFA1B31AF95C620076680F /* main.m in Sources */,
			);
			runOnlyForDeploymentPostprocessing = 0;
		};
		42FFA1C21AF95C620076680F /* Sources */ = {
			isa = PBXSourcesBuildPhase;
			buildActionMask = 2147483647;
			files = (
				42FFA1CD1AF95C620076680F /* TestTests.m in Sources */,
			);
			runOnlyForDeploymentPostprocessing = 0;
		};
/* End PBXSourcesBuildPhase section */

/* Begin PBXTargetDependency section */
		42FFA1C81AF95C620076680F /* PBXTargetDependency */ = {
			isa = PBXTargetDependency;
			target = 42FFA1AC1AF95C620076680F /* Test */;
			targetProxy = 42FFA1C71AF95C620076680F /* PBXContainerItemProxy */;
		};
/* End PBXTargetDependency section */

/* Begin PBXVariantGroup section */
		42FFA1BA1AF95C620076680F /* Main.storyboard */ = {
			isa = PBXVariantGroup;
			children = (
				42FFA1BB1AF95C620076680F /* Base */,
			);
			name = Main.storyboard;
			sourceTree = "<group>";
		};
		42FFA1BF1AF95C620076680F /* LaunchScreen.xib */ = {
			isa = PBXVariantGroup;
			children = (
				42FFA1C01AF95C620076680F /* Base */,
			);
			name = LaunchScreen.xib;
			sourceTree = "<group>";
		};
/* End PBXVariantGroup section */

/* Begin XCBuildConfiguration section */
		42FFA1CE1AF95C620076680F /* Debug */ = {
			isa = XCBuildConfiguration;
			buildSettings = {
				ALWAYS_SEARCH_USER_PATHS = NO;
				CLANG_CXX_LANGUAGE_STANDARD = "gnu++0x";
				CLANG_CXX_LIBRARY = "libc++";
				CLANG_ENABLE_MODULES = YES;
				CLANG_ENABLE_OBJC_ARC = YES;
				CLANG_WARN_BOOL_CONVERSION = YES;
				CLANG_WARN_CONSTANT_CONVERSION = YES;
				CLANG_WARN_DIRECT_OBJC_ISA_USAGE = YES_ERROR;
				CLANG_WARN_EMPTY_BODY = YES;
				CLANG_WARN_ENUM_CONVERSION = YES;
				CLANG_WARN_INT_CONVERSION = YES;
				CLANG_WARN_OBJC_ROOT_CLASS = YES_ERROR;
				CLANG_WARN_UNREACHABLE_CODE = YES;
				CLANG_WARN__DUPLICATE_METHOD_MATCH = YES;
				"CODE_SIGN_IDENTITY[sdk=iphoneos*]" = "iPhone Developer";
				COPY_PHASE_STRIP = NO;
				DEBUG_INFORMATION_FORMAT = "dwarf-with-dsym";
				ENABLE_STRICT_OBJC_MSGSEND = YES;
				GCC_C_LANGUAGE_STANDARD = gnu99;
				GCC_DYNAMIC_NO_PIC = NO;
				GCC_NO_COMMON_BLOCKS = YES;
				GCC_OPTIMIZATION_LEVEL = 0;
				GCC_PREPROCESSOR_DEFINITIONS = (
					"DEBUG=1",
					"$(inherited)",
				);
				GCC_SYMBOLS_PRIVATE_EXTERN = NO;
				GCC_WARN_64_TO_32_BIT_CONVERSION = YES;
				GCC_WARN_ABOUT_RETURN_TYPE = YES_ERROR;
				GCC_WARN_UNDECLARED_SELECTOR = YES;
				GCC_WARN_UNINITIALIZED_AUTOS = YES_AGGRESSIVE;
				GCC_WARN_UNUSED_FUNCTION = YES;
				GCC_WARN_UNUSED_VARIABLE = YES;
				IPHONEOS_DEPLOYMENT_TARGET = 8.3;
				MTL_ENABLE_DEBUG_INFO = YES;
				ONLY_ACTIVE_ARCH = YES;
				SDKROOT = iphoneos;
			};
			name = Debug;
		};
		42FFA1CF1AF95C620076680F /* Release */ = {
			isa = XCBuildConfiguration;
			buildSettings = {
				ALWAYS_SEARCH_USER_PATHS = NO;
				CLANG_CXX_LANGUAGE_STANDARD = "gnu++0x";
				CLANG_CXX_LIBRARY = "libc++";
				CLANG_ENABLE_MODULES = YES;
				CLANG_ENABLE_OBJC_ARC = YES;
				CLANG_WARN_BOOL_CONVERSION = YES;
				CLANG_WARN_CONSTANT_CONVERSION = YES;
				CLANG_WARN_DIRECT_OBJC_ISA_USAGE = YES_ERROR;
				CLANG_WARN_EMPTY_BODY = YES;
				CLANG_WARN_ENUM_CONVERSION = YES;
				CLANG_WARN_INT_CONVERSION = YES;
				CLANG_WARN_OBJC_ROOT_CLASS = YES_ERROR;
				CLANG_WARN_UNREACHABLE_CODE = YES;
				CLANG_WARN__DUPLICATE_METHOD_MATCH = YES;
				"CODE_SIGN_IDENTITY[sdk=iphoneos*]" = "iPhone Developer";
				COPY_PHASE_STRIP = NO;
				DEBUG_INFORMATION_FORMAT = "dwarf-with-dsym";
				ENABLE_NS_ASSERTIONS = NO;
				ENABLE_STRICT_OBJC_MSGSEND = YES;
				GCC_C_LANGUAGE_STANDARD = gnu99;
				GCC_NO_COMMON_BLOCKS = YES;
				GCC_WARN_64_TO_32_BIT_CONVERSION = YES;
				GCC_WARN_ABOUT_RETURN_TYPE = YES_ERROR;
				GCC_WARN_UNDECLARED_SELECTOR = YES;
				GCC_WARN_UNINITIALIZED_AUTOS = YES_AGGRESSIVE;
				GCC_WARN_UNUSED_FUNCTION = YES;
				GCC_WARN_UNUSED_VARIABLE = YES;
				IPHONEOS_DEPLOYMENT_TARGET = 8.3;
				MTL_ENABLE_DEBUG_INFO = NO;
				SDKROOT = iphoneos;
				VALIDATE_PRODUCT = YES;
			};
			name = Release;
		};
		42FFA1D11AF95C620076680F /* Debug */ = {
			isa = XCBuildConfiguration;
			buildSettings = {
				ASSETCATALOG_COMPILER_APPICON_NAME = AppIcon;
				INFOPLIST_FILE = Test/Info.plist;
				LD_RUNPATH_SEARCH_PATHS = "$(inherited) @executable_path/Frameworks";
				PRODUCT_NAME = "$(TARGET_NAME)";
			};
			name = Debug;
		};
		42FFA1D21AF95C620076680F /* Release */ = {
			isa = XCBuildConfiguration;
			buildSettings = {
				ASSETCATALOG_COMPILER_APPICON_NAME = AppIcon;
				INFOPLIST_FILE = Test/Info.plist;
				LD_RUNPATH_SEARCH_PATHS = "$(inherited) @executable_path/Frameworks";
				PRODUCT_NAME = "$(TARGET_NAME)";
			};
			name = Release;
		};
		42FFA1D41AF95C620076680F /* Debug */ = {
			isa = XCBuildConfiguration;
			buildSettings = {
				BUNDLE_LOADER = "$(TEST_HOST)";
				FRAMEWORK_SEARCH_PATHS = (
					"$(SDKROOT)/Developer/Library/Frameworks",
					"$(inherited)",
				);
				GCC_PREPROCESSOR_DEFINITIONS = (
					"DEBUG=1",
					"$(inherited)",
				);
				INFOPLIST_FILE = TestTests/Info.plist;
				LD_RUNPATH_SEARCH_PATHS = "$(inherited) @executable_path/Frameworks @loader_path/Frameworks";
				PRODUCT_NAME = "$(TARGET_NAME)";
				TEST_HOST = "$(BUILT_PRODUCTS_DIR)/Test.app/Test";
			};
			name = Debug;
		};
		42FFA1D51AF95C620076680F /* Release */ = {
			isa = XCBuildConfiguration;
			buildSettings = {
				BUNDLE_LOADER = "$(TEST_HOST)";
				FRAMEWORK_SEARCH_PATHS = (
					"$(SDKROOT)/Developer/Library/Frameworks",
					"$(inherited)",
				);
				INFOPLIST_FILE = TestTests/Info.plist;
				LD_RUNPATH_SEARCH_PATHS = "$(inherited) @executable_path/Frameworks @loader_path/Frameworks";
				PRODUCT_NAME = "$(TARGET_NAME)";
				TEST_HOST = "$(BUILT_PRODUCTS_DIR)/Test.app/Test";
			};
			name = Release;
		};
/* End XCBuildConfiguration section */

/* Begin XCConfigurationList section */
		42FFA1A81AF95C620076680F /* Build configuration list for PBXProject "Test" */ = {
			isa = XCConfigurationList;
			buildConfigurations = (
				42FFA1CE1AF95C620076680F /* Debug */,
				42FFA1CF1AF95C620076680F /* Release */,
			);
			defaultConfigurationIsVisible = 0;
			defaultConfigurationName = Release;
		};
		42FFA1D01AF95C620076680F /* Build configuration list for PBXNativeTarget "Test" */ = {
			isa = XCConfigurationList;
			buildConfigurations = (
				42FFA1D11AF95C620076680F /* Debug */,
				42FFA1D21AF95C620076680F /* Release */,
			);
			defaultConfigurationIsVisible = 0;
		};
		42FFA1D31AF95C620076680F /* Build configuration list for PBXNativeTarget "TestTests" */ = {
			isa = XCConfigurationList;
			buildConfigurations = (
				42FFA1D41AF95C620076680F /* Debug */,
				42FFA1D51AF95C620076680F /* Release */,
			);
			defaultConfigurationIsVisible = 0;
		};
/* End XCConfigurationList section */
	};
	rootObject = 42FFA1A51AF95C620076680F /* Project object */;
}
