// !$*UTF8*$!
{
	archiveVersion = 1;
	classes = {
	};
	objectVersion = 46;
	objects = {

/* Begin PBXBuildFile section */
		424A7B7E1AAD878400FDD83D /* AppDelegate.swift in Sources */ = {isa = PBXBuildFile; fileRef = 424A7B7D1AAD878400FDD83D /* AppDelegate.swift */; };
		424A7B801AAD878400FDD83D /* TextFieldViewController.swift in Sources */ = {isa = PBXBuildFile; fileRef = 424A7B7F1AAD878400FDD83D /* TextFieldViewController.swift */; };
		424A7B831AAD878400FDD83D /* Main.storyboard in Resources */ = {isa = PBXBuildFile; fileRef = 424A7B811AAD878400FDD83D /* Main.storyboard */; };
		424A7B851AAD878400FDD83D /* Images.xcassets in Resources */ = {isa = PBXBuildFile; fileRef = 424A7B841AAD878400FDD83D /* Images.xcassets */; };
		424A7B881AAD878400FDD83D /* LaunchScreen.xib in Resources */ = {isa = PBXBuildFile; fileRef = 424A7B861AAD878400FDD83D /* LaunchScreen.xib */; };
		424A7B941AAD878400FDD83D /* TextFieldsTests.swift in Sources */ = {isa = PBXBuildFile; fileRef = 424A7B931AAD878400FDD83D /* TextFieldsTests.swift */; };
		424A7B9F1AAD89B500FDD83D /* ZipcodeTextFieldDelegate.swift in Sources */ = {isa = PBXBuildFile; fileRef = 424A7B9E1AAD89B500FDD83D /* ZipcodeTextFieldDelegate.swift */; };
/* End PBXBuildFile section */

/* Begin PBXContainerItemProxy section */
		424A7B8E1AAD878400FDD83D /* PBXContainerItemProxy */ = {
			isa = PBXContainerItemProxy;
			containerPortal = 424A7B701AAD878400FDD83D /* Project object */;
			proxyType = 1;
			remoteGlobalIDString = 424A7B771AAD878400FDD83D;
			remoteInfo = TextFields;
		};
/* End PBXContainerItemProxy section */

/* Begin PBXFileReference section */
		424A7B781AAD878400FDD83D /* TextFields.app */ = {isa = PBXFileReference; explicitFileType = wrapper.application; includeInIndex = 0; path = TextFields.app; sourceTree = BUILT_PRODUCTS_DIR; };
		424A7B7C1AAD878400FDD83D /* Info.plist */ = {isa = PBXFileReference; lastKnownFileType = text.plist.xml; path = Info.plist; sourceTree = "<group>"; };
		424A7B7D1AAD878400FDD83D /* AppDelegate.swift */ = {isa = PBXFileReference; lastKnownFileType = sourcecode.swift; path = AppDelegate.swift; sourceTree = "<group>"; };
		424A7B7F1AAD878400FDD83D /* TextFieldViewController.swift */ = {isa = PBXFileReference; lastKnownFileType = sourcecode.swift; path = TextFieldViewController.swift; sourceTree = "<group>"; };
		424A7B821AAD878400FDD83D /* Base */ = {isa = PBXFileReference; lastKnownFileType = file.storyboard; name = Base; path = Base.lproj/Main.storyboard; sourceTree = "<group>"; };
		424A7B841AAD878400FDD83D /* Images.xcassets */ = {isa = PBXFileReference; lastKnownFileType = folder.assetcatalog; path = Images.xcassets; sourceTree = "<group>"; };
		424A7B871AAD878400FDD83D /* Base */ = {isa = PBXFileReference; lastKnownFileType = file.xib; name = Base; path = Base.lproj/LaunchScreen.xib; sourceTree = "<group>"; };
		424A7B8D1AAD878400FDD83D /* TextFieldsTests.xctest */ = {isa = PBXFileReference; explicitFileType = wrapper.cfbundle; includeInIndex = 0; path = TextFieldsTests.xctest; sourceTree = BUILT_PRODUCTS_DIR; };
		424A7B921AAD878400FDD83D /* Info.plist */ = {isa = PBXFileReference; lastKnownFileType = text.plist.xml; path = Info.plist; sourceTree = "<group>"; };
		424A7B931AAD878400FDD83D /* TextFieldsTests.swift */ = {isa = PBXFileReference; lastKnownFileType = sourcecode.swift; path = TextFieldsTests.swift; sourceTree = "<group>"; };
		424A7B9E1AAD89B500FDD83D /* ZipcodeTextFieldDelegate.swift */ = {isa = PBXFileReference; fileEncoding = 4; lastKnownFileType = sourcecode.swift; name = ZipcodeTextFieldDelegate.swift; path = Delegates/ZipcodeTextFieldDelegate.swift; sourceTree = "<group>"; };
/* End PBXFileReference section */

/* Begin PBXFrameworksBuildPhase section */
		424A7B751AAD878400FDD83D /* Frameworks */ = {
			isa = PBXFrameworksBuildPhase;
			buildActionMask = 2147483647;
			files = (
			);
			runOnlyForDeploymentPostprocessing = 0;
		};
		424A7B8A1AAD878400FDD83D /* Frameworks */ = {
			isa = PBXFrameworksBuildPhase;
			buildActionMask = 2147483647;
			files = (
			);
			runOnlyForDeploymentPostprocessing = 0;
		};
/* End PBXFrameworksBuildPhase section */

/* Begin PBXGroup section */
		424A7B6F1AAD878400FDD83D = {
			isa = PBXGroup;
			children = (
				424A7B7A1AAD878400FDD83D /* TextFields */,
				424A7B901AAD878400FDD83D /* TextFieldsTests */,
				424A7B791AAD878400FDD83D /* Products */,
			);
			sourceTree = "<group>";
		};
		424A7B791AAD878400FDD83D /* Products */ = {
			isa = PBXGroup;
			children = (
				424A7B781AAD878400FDD83D /* TextFields.app */,
				424A7B8D1AAD878400FDD83D /* TextFieldsTests.xctest */,
			);
			name = Products;
			sourceTree = "<group>";
		};
		424A7B7A1AAD878400FDD83D /* TextFields */ = {
			isa = PBXGroup;
			children = (
				424A7B9D1AAD894A00FDD83D /* Delegates */,
				424A7B7F1AAD878400FDD83D /* TextFieldViewController.swift */,
				424A7B811AAD878400FDD83D /* Main.storyboard */,
				424A7B7B1AAD878400FDD83D /* Supporting Files */,
			);
			path = TextFields;
			sourceTree = "<group>";
		};
		424A7B7B1AAD878400FDD83D /* Supporting Files */ = {
			isa = PBXGroup;
			children = (
				424A7B861AAD878400FDD83D /* LaunchScreen.xib */,
				424A7B841AAD878400FDD83D /* Images.xcassets */,
				424A7B7D1AAD878400FDD83D /* AppDelegate.swift */,
				424A7B7C1AAD878400FDD83D /* Info.plist */,
			);
			name = "Supporting Files";
			sourceTree = "<group>";
		};
		424A7B901AAD878400FDD83D /* TextFieldsTests */ = {
			isa = PBXGroup;
			children = (
				424A7B931AAD878400FDD83D /* TextFieldsTests.swift */,
				424A7B911AAD878400FDD83D /* Supporting Files */,
			);
			path = TextFieldsTests;
			sourceTree = "<group>";
		};
		424A7B911AAD878400FDD83D /* Supporting Files */ = {
			isa = PBXGroup;
			children = (
				424A7B921AAD878400FDD83D /* Info.plist */,
			);
			name = "Supporting Files";
			sourceTree = "<group>";
		};
		424A7B9D1AAD894A00FDD83D /* Delegates */ = {
			isa = PBXGroup;
			children = (
				424A7B9E1AAD89B500FDD83D /* ZipcodeTextFieldDelegate.swift */,
			);
			name = Delegates;
			sourceTree = "<group>";
		};
/* End PBXGroup section */

/* Begin PBXNativeTarget section */
		424A7B771AAD878400FDD83D /* TextFields */ = {
			isa = PBXNativeTarget;
			buildConfigurationList = 424A7B971AAD878400FDD83D /* Build configuration list for PBXNativeTarget "TextFields" */;
			buildPhases = (
				424A7B741AAD878400FDD83D /* Sources */,
				424A7B751AAD878400FDD83D /* Frameworks */,
				424A7B761AAD878400FDD83D /* Resources */,
			);
			buildRules = (
			);
			dependencies = (
			);
			name = TextFields;
			productName = TextFields;
			productReference = 424A7B781AAD878400FDD83D /* TextFields.app */;
			productType = "com.apple.product-type.application";
		};
		424A7B8C1AAD878400FDD83D /* TextFieldsTests */ = {
			isa = PBXNativeTarget;
			buildConfigurationList = 424A7B9A1AAD878400FDD83D /* Build configuration list for PBXNativeTarget "TextFieldsTests" */;
			buildPhases = (
				424A7B891AAD878400FDD83D /* Sources */,
				424A7B8A1AAD878400FDD83D /* Frameworks */,
				424A7B8B1AAD878400FDD83D /* Resources */,
			);
			buildRules = (
			);
			dependencies = (
				424A7B8F1AAD878400FDD83D /* PBXTargetDependency */,
			);
			name = TextFieldsTests;
			productName = TextFieldsTests;
			productReference = 424A7B8D1AAD878400FDD83D /* TextFieldsTests.xctest */;
			productType = "com.apple.product-type.bundle.unit-test";
		};
/* End PBXNativeTarget section */

/* Begin PBXProject section */
		424A7B701AAD878400FDD83D /* Project object */ = {
			isa = PBXProject;
			attributes = {
				LastUpgradeCheck = 0610;
				ORGANIZATIONNAME = "Sameer Khavanekar";
				TargetAttributes = {
					424A7B771AAD878400FDD83D = {
						CreatedOnToolsVersion = 6.1.1;
					};
					424A7B8C1AAD878400FDD83D = {
						CreatedOnToolsVersion = 6.1.1;
						TestTargetID = 424A7B771AAD878400FDD83D;
					};
				};
			};
			buildConfigurationList = 424A7B731AAD878400FDD83D /* Build configuration list for PBXProject "TextFields" */;
			compatibilityVersion = "Xcode 3.2";
			developmentRegion = English;
			hasScannedForEncodings = 0;
			knownRegions = (
				en,
				Base,
			);
			mainGroup = 424A7B6F1AAD878400FDD83D;
			productRefGroup = 424A7B791AAD878400FDD83D /* Products */;
			projectDirPath = "";
			projectRoot = "";
			targets = (
				424A7B771AAD878400FDD83D /* TextFields */,
				424A7B8C1AAD878400FDD83D /* TextFieldsTests */,
			);
		};
/* End PBXProject section */

/* Begin PBXResourcesBuildPhase section */
		424A7B761AAD878400FDD83D /* Resources */ = {
			isa = PBXResourcesBuildPhase;
			buildActionMask = 2147483647;
			files = (
				424A7B831AAD878400FDD83D /* Main.storyboard in Resources */,
				424A7B881AAD878400FDD83D /* LaunchScreen.xib in Resources */,
				424A7B851AAD878400FDD83D /* Images.xcassets in Resources */,
			);
			runOnlyForDeploymentPostprocessing = 0;
		};
		424A7B8B1AAD878400FDD83D /* Resources */ = {
			isa = PBXResourcesBuildPhase;
			buildActionMask = 2147483647;
			files = (
			);
			runOnlyForDeploymentPostprocessing = 0;
		};
/* End PBXResourcesBuildPhase section */

/* Begin PBXSourcesBuildPhase section */
		424A7B741AAD878400FDD83D /* Sources */ = {
			isa = PBXSourcesBuildPhase;
			buildActionMask = 2147483647;
			files = (
				424A7B801AAD878400FDD83D /* TextFieldViewController.swift in Sources */,
				424A7B7E1AAD878400FDD83D /* AppDelegate.swift in Sources */,
				424A7B9F1AAD89B500FDD83D /* ZipcodeTextFieldDelegate.swift in Sources */,
			);
			runOnlyForDeploymentPostprocessing = 0;
		};
		424A7B891AAD878400FDD83D /* Sources */ = {
			isa = PBXSourcesBuildPhase;
			buildActionMask = 2147483647;
			files = (
				424A7B941AAD878400FDD83D /* TextFieldsTests.swift in Sources */,
			);
			runOnlyForDeploymentPostprocessing = 0;
		};
/* End PBXSourcesBuildPhase section */

/* Begin PBXTargetDependency section */
		424A7B8F1AAD878400FDD83D /* PBXTargetDependency */ = {
			isa = PBXTargetDependency;
			target = 424A7B771AAD878400FDD83D /* TextFields */;
			targetProxy = 424A7B8E1AAD878400FDD83D /* PBXContainerItemProxy */;
		};
/* End PBXTargetDependency section */

/* Begin PBXVariantGroup section */
		424A7B811AAD878400FDD83D /* Main.storyboard */ = {
			isa = PBXVariantGroup;
			children = (
				424A7B821AAD878400FDD83D /* Base */,
			);
			name = Main.storyboard;
			sourceTree = "<group>";
		};
		424A7B861AAD878400FDD83D /* LaunchScreen.xib */ = {
			isa = PBXVariantGroup;
			children = (
				424A7B871AAD878400FDD83D /* Base */,
			);
			name = LaunchScreen.xib;
			sourceTree = "<group>";
		};
/* End PBXVariantGroup section */

/* Begin XCBuildConfiguration section */
		424A7B951AAD878400FDD83D /* Debug */ = {
			isa = XCBuildConfiguration;
			buildSettings = {
				ALWAYS_SEARCH_USER_PATHS = NO;
				CLANG_CXX_LANGUAGE_STANDARD = "gnu++0x";
				CLANG_CXX_LIBRARY = "libc++";
				CLANG_ENABLE_MODULES = YES;
				CLANG_ENABLE_OBJC_ARC = YES;
				CLANG_WARN_BOOL_CONVERSION = YES;
				CLANG_WARN_CONSTANT_CONVERSION = YES;
				CLANG_WARN_DIRECT_OBJC_ISA_USAGE = YES_ERROR;
				CLANG_WARN_EMPTY_BODY = YES;
				CLANG_WARN_ENUM_CONVERSION = YES;
				CLANG_WARN_INT_CONVERSION = YES;
				CLANG_WARN_OBJC_ROOT_CLASS = YES_ERROR;
				CLANG_WARN_UNREACHABLE_CODE = YES;
				CLANG_WARN__DUPLICATE_METHOD_MATCH = YES;
				"CODE_SIGN_IDENTITY[sdk=iphoneos*]" = "iPhone Developer";
				COPY_PHASE_STRIP = NO;
				ENABLE_STRICT_OBJC_MSGSEND = YES;
				GCC_C_LANGUAGE_STANDARD = gnu99;
				GCC_DYNAMIC_NO_PIC = NO;
				GCC_OPTIMIZATION_LEVEL = 0;
				GCC_PREPROCESSOR_DEFINITIONS = (
					"DEBUG=1",
					"$(inherited)",
				);
				GCC_SYMBOLS_PRIVATE_EXTERN = NO;
				GCC_WARN_64_TO_32_BIT_CONVERSION = YES;
				GCC_WARN_ABOUT_RETURN_TYPE = YES_ERROR;
				GCC_WARN_UNDECLARED_SELECTOR = YES;
				GCC_WARN_UNINITIALIZED_AUTOS = YES_AGGRESSIVE;
				GCC_WARN_UNUSED_FUNCTION = YES;
				GCC_WARN_UNUSED_VARIABLE = YES;
				IPHONEOS_DEPLOYMENT_TARGET = 8.1;
				MTL_ENABLE_DEBUG_INFO = YES;
				ONLY_ACTIVE_ARCH = YES;
				SDKROOT = iphoneos;
				SWIFT_OPTIMIZATION_LEVEL = "-Onone";
			};
			name = Debug;
		};
		424A7B961AAD878400FDD83D /* Release */ = {
			isa = XCBuildConfiguration;
			buildSettings = {
				ALWAYS_SEARCH_USER_PATHS = NO;
				CLANG_CXX_LANGUAGE_STANDARD = "gnu++0x";
				CLANG_CXX_LIBRARY = "libc++";
				CLANG_ENABLE_MODULES = YES;
				CLANG_ENABLE_OBJC_ARC = YES;
				CLANG_WARN_BOOL_CONVERSION = YES;
				CLANG_WARN_CONSTANT_CONVERSION = YES;
				CLANG_WARN_DIRECT_OBJC_ISA_USAGE = YES_ERROR;
				CLANG_WARN_EMPTY_BODY = YES;
				CLANG_WARN_ENUM_CONVERSION = YES;
				CLANG_WARN_INT_CONVERSION = YES;
				CLANG_WARN_OBJC_ROOT_CLASS = YES_ERROR;
				CLANG_WARN_UNREACHABLE_CODE = YES;
				CLANG_WARN__DUPLICATE_METHOD_MATCH = YES;
				"CODE_SIGN_IDENTITY[sdk=iphoneos*]" = "iPhone Developer";
				COPY_PHASE_STRIP = YES;
				ENABLE_NS_ASSERTIONS = NO;
				ENABLE_STRICT_OBJC_MSGSEND = YES;
				GCC_C_LANGUAGE_STANDARD = gnu99;
				GCC_WARN_64_TO_32_BIT_CONVERSION = YES;
				GCC_WARN_ABOUT_RETURN_TYPE = YES_ERROR;
				GCC_WARN_UNDECLARED_SELECTOR = YES;
				GCC_WARN_UNINITIALIZED_AUTOS = YES_AGGRESSIVE;
				GCC_WARN_UNUSED_FUNCTION = YES;
				GCC_WARN_UNUSED_VARIABLE = YES;
				IPHONEOS_DEPLOYMENT_TARGET = 8.1;
				MTL_ENABLE_DEBUG_INFO = NO;
				SDKROOT = iphoneos;
				VALIDATE_PRODUCT = YES;
			};
			name = Release;
		};
		424A7B981AAD878400FDD83D /* Debug */ = {
			isa = XCBuildConfiguration;
			buildSettings = {
				ASSETCATALOG_COMPILER_APPICON_NAME = AppIcon;
				INFOPLIST_FILE = TextFields/Info.plist;
				LD_RUNPATH_SEARCH_PATHS = "$(inherited) @executable_path/Frameworks";
				PRODUCT_NAME = "$(TARGET_NAME)";
			};
			name = Debug;
		};
		424A7B991AAD878400FDD83D /* Release */ = {
			isa = XCBuildConfiguration;
			buildSettings = {
				ASSETCATALOG_COMPILER_APPICON_NAME = AppIcon;
				INFOPLIST_FILE = TextFields/Info.plist;
				LD_RUNPATH_SEARCH_PATHS = "$(inherited) @executable_path/Frameworks";
				PRODUCT_NAME = "$(TARGET_NAME)";
			};
			name = Release;
		};
		424A7B9B1AAD878400FDD83D /* Debug */ = {
			isa = XCBuildConfiguration;
			buildSettings = {
				BUNDLE_LOADER = "$(TEST_HOST)";
				FRAMEWORK_SEARCH_PATHS = (
					"$(SDKROOT)/Developer/Library/Frameworks",
					"$(inherited)",
				);
				GCC_PREPROCESSOR_DEFINITIONS = (
					"DEBUG=1",
					"$(inherited)",
				);
				INFOPLIST_FILE = TextFieldsTests/Info.plist;
				LD_RUNPATH_SEARCH_PATHS = "$(inherited) @executable_path/Frameworks @loader_path/Frameworks";
				PRODUCT_NAME = "$(TARGET_NAME)";
				TEST_HOST = "$(BUILT_PRODUCTS_DIR)/TextFields.app/TextFields";
			};
			name = Debug;
		};
		424A7B9C1AAD878400FDD83D /* Release */ = {
			isa = XCBuildConfiguration;
			buildSettings = {
				BUNDLE_LOADER = "$(TEST_HOST)";
				FRAMEWORK_SEARCH_PATHS = (
					"$(SDKROOT)/Developer/Library/Frameworks",
					"$(inherited)",
				);
				INFOPLIST_FILE = TextFieldsTests/Info.plist;
				LD_RUNPATH_SEARCH_PATHS = "$(inherited) @executable_path/Frameworks @loader_path/Frameworks";
				PRODUCT_NAME = "$(TARGET_NAME)";
				TEST_HOST = "$(BUILT_PRODUCTS_DIR)/TextFields.app/TextFields";
			};
			name = Release;
		};
/* End XCBuildConfiguration section */

/* Begin XCConfigurationList section */
		424A7B731AAD878400FDD83D /* Build configuration list for PBXProject "TextFields" */ = {
			isa = XCConfigurationList;
			buildConfigurations = (
				424A7B951AAD878400FDD83D /* Debug */,
				424A7B961AAD878400FDD83D /* Release */,
			);
			defaultConfigurationIsVisible = 0;
			defaultConfigurationName = Release;
		};
		424A7B971AAD878400FDD83D /* Build configuration list for PBXNativeTarget "TextFields" */ = {
			isa = XCConfigurationList;
			buildConfigurations = (
				424A7B981AAD878400FDD83D /* Debug */,
				424A7B991AAD878400FDD83D /* Release */,
			);
			defaultConfigurationIsVisible = 0;
		};
		424A7B9A1AAD878400FDD83D /* Build configuration list for PBXNativeTarget "TextFieldsTests" */ = {
			isa = XCConfigurationList;
			buildConfigurations = (
				424A7B9B1AAD878400FDD83D /* Debug */,
				424A7B9C1AAD878400FDD83D /* Release */,
			);
			defaultConfigurationIsVisible = 0;
		};
/* End XCConfigurationList section */
	};
	rootObject = 424A7B701AAD878400FDD83D /* Project object */;
}
